// !$*UTF8*$!
{
	archiveVersion = 1;
	classes = {
	};
	objectVersion = 55;
	objects = {

/* Begin PBXBuildFile section */
		1DDD55EC97A4F7027C0A2BDA /* Pods_JjapAppleStore.framework in Frameworks */ = {isa = PBXBuildFile; fileRef = 978DB3DEEBAB9B77C9EA3509 /* Pods_JjapAppleStore.framework */; };
		B8070509271B13780071289D /* AppDelegate.swift in Sources */ = {isa = PBXBuildFile; fileRef = B8070508271B13780071289D /* AppDelegate.swift */; };
		B807050B271B13780071289D /* SceneDelegate.swift in Sources */ = {isa = PBXBuildFile; fileRef = B807050A271B13780071289D /* SceneDelegate.swift */; };
		B807050D271B13780071289D /* ViewController.swift in Sources */ = {isa = PBXBuildFile; fileRef = B807050C271B13780071289D /* ViewController.swift */; };
		B8070510271B13780071289D /* Main.storyboard in Resources */ = {isa = PBXBuildFile; fileRef = B807050E271B13780071289D /* Main.storyboard */; };
		B8070512271B13790071289D /* Assets.xcassets in Resources */ = {isa = PBXBuildFile; fileRef = B8070511271B13790071289D /* Assets.xcassets */; };
		B8070515271B13790071289D /* LaunchScreen.storyboard in Resources */ = {isa = PBXBuildFile; fileRef = B8070513271B13790071289D /* LaunchScreen.storyboard */; };
		B89B3F7A271DBF9D0087A83D /* CustomTableViewCell.swift in Sources */ = {isa = PBXBuildFile; fileRef = B89B3F79271DBF9D0087A83D /* CustomTableViewCell.swift */; };
/* End PBXBuildFile section */

/* Begin PBXFileReference section */
		0B6E9FCA82C6095E28A400FB /* Pods-JjapAppleStore.debug.xcconfig */ = {isa = PBXFileReference; includeInIndex = 1; lastKnownFileType = text.xcconfig; name = "Pods-JjapAppleStore.debug.xcconfig"; path = "Target Support Files/Pods-JjapAppleStore/Pods-JjapAppleStore.debug.xcconfig"; sourceTree = "<group>"; };
		978DB3DEEBAB9B77C9EA3509 /* Pods_JjapAppleStore.framework */ = {isa = PBXFileReference; explicitFileType = wrapper.framework; includeInIndex = 0; path = Pods_JjapAppleStore.framework; sourceTree = BUILT_PRODUCTS_DIR; };
		B8070505271B13780071289D /* JjapAppleStore.app */ = {isa = PBXFileReference; explicitFileType = wrapper.application; includeInIndex = 0; path = JjapAppleStore.app; sourceTree = BUILT_PRODUCTS_DIR; };
		B8070508271B13780071289D /* AppDelegate.swift */ = {isa = PBXFileReference; lastKnownFileType = sourcecode.swift; path = AppDelegate.swift; sourceTree = "<group>"; };
		B807050A271B13780071289D /* SceneDelegate.swift */ = {isa = PBXFileReference; lastKnownFileType = sourcecode.swift; path = SceneDelegate.swift; sourceTree = "<group>"; };
		B807050C271B13780071289D /* ViewController.swift */ = {isa = PBXFileReference; lastKnownFileType = sourcecode.swift; path = ViewController.swift; sourceTree = "<group>"; };
		B807050F271B13780071289D /* Base */ = {isa = PBXFileReference; lastKnownFileType = file.storyboard; name = Base; path = Base.lproj/Main.storyboard; sourceTree = "<group>"; };
		B8070511271B13790071289D /* Assets.xcassets */ = {isa = PBXFileReference; lastKnownFileType = folder.assetcatalog; path = Assets.xcassets; sourceTree = "<group>"; };
		B8070514271B13790071289D /* Base */ = {isa = PBXFileReference; lastKnownFileType = file.storyboard; name = Base; path = Base.lproj/LaunchScreen.storyboard; sourceTree = "<group>"; };
		B8070516271B13790071289D /* Info.plist */ = {isa = PBXFileReference; lastKnownFileType = text.plist.xml; path = Info.plist; sourceTree = "<group>"; };
		B89B3F79271DBF9D0087A83D /* CustomTableViewCell.swift */ = {isa = PBXFileReference; lastKnownFileType = sourcecode.swift; path = CustomTableViewCell.swift; sourceTree = "<group>"; };
		F9FFFE7F06996074E961742C /* Pods-JjapAppleStore.release.xcconfig */ = {isa = PBXFileReference; includeInIndex = 1; lastKnownFileType = text.xcconfig; name = "Pods-JjapAppleStore.release.xcconfig"; path = "Target Support Files/Pods-JjapAppleStore/Pods-JjapAppleStore.release.xcconfig"; sourceTree = "<group>"; };
/* End PBXFileReference section */

/* Begin PBXFrameworksBuildPhase section */
		B8070502271B13780071289D /* Frameworks */ = {
			isa = PBXFrameworksBuildPhase;
			buildActionMask = 2147483647;
			files = (
				1DDD55EC97A4F7027C0A2BDA /* Pods_JjapAppleStore.framework in Frameworks */,
			);
			runOnlyForDeploymentPostprocessing = 0;
		};
/* End PBXFrameworksBuildPhase section */

/* Begin PBXGroup section */
		693C8EE0EBA1D4653BF49B5B /* Pods */ = {
			isa = PBXGroup;
			children = (
				0B6E9FCA82C6095E28A400FB /* Pods-JjapAppleStore.debug.xcconfig */,
				F9FFFE7F06996074E961742C /* Pods-JjapAppleStore.release.xcconfig */,
			);
			path = Pods;
			sourceTree = "<group>";
		};
		890F5465C418CD340B1FF8D8 /* Frameworks */ = {
			isa = PBXGroup;
			children = (
				978DB3DEEBAB9B77C9EA3509 /* Pods_JjapAppleStore.framework */,
			);
			name = Frameworks;
			sourceTree = "<group>";
		};
		B80704FC271B13780071289D = {
			isa = PBXGroup;
			children = (
				B8070507271B13780071289D /* JjapAppleStore */,
				B8070506271B13780071289D /* Products */,
				693C8EE0EBA1D4653BF49B5B /* Pods */,
				890F5465C418CD340B1FF8D8 /* Frameworks */,
			);
			sourceTree = "<group>";
		};
		B8070506271B13780071289D /* Products */ = {
			isa = PBXGroup;
			children = (
				B8070505271B13780071289D /* JjapAppleStore.app */,
			);
			name = Products;
			sourceTree = "<group>";
		};
		B8070507271B13780071289D /* JjapAppleStore */ = {
			isa = PBXGroup;
			children = (
				B8070508271B13780071289D /* AppDelegate.swift */,
				B807050A271B13780071289D /* SceneDelegate.swift */,
				B807050C271B13780071289D /* ViewController.swift */,
				B807050E271B13780071289D /* Main.storyboard */,
				B8070511271B13790071289D /* Assets.xcassets */,
				B8070513271B13790071289D /* LaunchScreen.storyboard */,
				B8070516271B13790071289D /* Info.plist */,
				B89B3F79271DBF9D0087A83D /* CustomTableViewCell.swift */,
			);
			path = JjapAppleStore;
			sourceTree = "<group>";
		};
/* End PBXGroup section */

/* Begin PBXNativeTarget section */
		B8070504271B13780071289D /* JjapAppleStore */ = {
			isa = PBXNativeTarget;
			buildConfigurationList = B8070519271B13790071289D /* Build configuration list for PBXNativeTarget "JjapAppleStore" */;
			buildPhases = (
				8EB4200EA4F9EDC03D8E7E08 /* [CP] Check Pods Manifest.lock */,
				B8070501271B13780071289D /* Sources */,
				B8070502271B13780071289D /* Frameworks */,
				B8070503271B13780071289D /* Resources */,
				9B3B27359DBC030593BABFD6 /* [CP] Embed Pods Frameworks */,
			);
			buildRules = (
			);
			dependencies = (
			);
			name = JjapAppleStore;
			productName = JjapAppleStore;
			productReference = B8070505271B13780071289D /* JjapAppleStore.app */;
			productType = "com.apple.product-type.application";
		};
/* End PBXNativeTarget section */

/* Begin PBXProject section */
		B80704FD271B13780071289D /* Project object */ = {
			isa = PBXProject;
			attributes = {
				BuildIndependentTargetsInParallel = 1;
				LastSwiftUpdateCheck = 1300;
				LastUpgradeCheck = 1300;
				TargetAttributes = {
					B8070504271B13780071289D = {
						CreatedOnToolsVersion = 13.0;
					};
				};
			};
			buildConfigurationList = B8070500271B13780071289D /* Build configuration list for PBXProject "JjapAppleStore" */;
			compatibilityVersion = "Xcode 13.0";
			developmentRegion = en;
			hasScannedForEncodings = 0;
			knownRegions = (
				en,
				Base,
			);
			mainGroup = B80704FC271B13780071289D;
			productRefGroup = B8070506271B13780071289D /* Products */;
			projectDirPath = "";
			projectRoot = "";
			targets = (
				B8070504271B13780071289D /* JjapAppleStore */,
			);
		};
/* End PBXProject section */

/* Begin PBXResourcesBuildPhase section */
		B8070503271B13780071289D /* Resources */ = {
			isa = PBXResourcesBuildPhase;
			buildActionMask = 2147483647;
			files = (
				B8070515271B13790071289D /* LaunchScreen.storyboard in Resources */,
				B8070512271B13790071289D /* Assets.xcassets in Resources */,
				B8070510271B13780071289D /* Main.storyboard in Resources */,
			);
			runOnlyForDeploymentPostprocessing = 0;
		};
/* End PBXResourcesBuildPhase section */

/* Begin PBXShellScriptBuildPhase section */
		8EB4200EA4F9EDC03D8E7E08 /* [CP] Check Pods Manifest.lock */ = {
			isa = PBXShellScriptBuildPhase;
			buildActionMask = 2147483647;
			files = (
			);
			inputFileListPaths = (
			);
			inputPaths = (
				"${PODS_PODFILE_DIR_PATH}/Podfile.lock",
				"${PODS_ROOT}/Manifest.lock",
			);
			name = "[CP] Check Pods Manifest.lock";
			outputFileListPaths = (
			);
			outputPaths = (
				"$(DERIVED_FILE_DIR)/Pods-JjapAppleStore-checkManifestLockResult.txt",
			);
			runOnlyForDeploymentPostprocessing = 0;
			shellPath = /bin/sh;
			shellScript = "diff \"${PODS_PODFILE_DIR_PATH}/Podfile.lock\" \"${PODS_ROOT}/Manifest.lock\" > /dev/null\nif [ $? != 0 ] ; then\n    # print error to STDERR\n    echo \"error: The sandbox is not in sync with the Podfile.lock. Run 'pod install' or update your CocoaPods installation.\" >&2\n    exit 1\nfi\n# This output is used by Xcode 'outputs' to avoid re-running this script phase.\necho \"SUCCESS\" > \"${SCRIPT_OUTPUT_FILE_0}\"\n";
			showEnvVarsInLog = 0;
		};
		9B3B27359DBC030593BABFD6 /* [CP] Embed Pods Frameworks */ = {
			isa = PBXShellScriptBuildPhase;
			buildActionMask = 2147483647;
			files = (
			);
			inputFileListPaths = (
				"${PODS_ROOT}/Target Support Files/Pods-JjapAppleStore/Pods-JjapAppleStore-frameworks-${CONFIGURATION}-input-files.xcfilelist",
			);
			name = "[CP] Embed Pods Frameworks";
			outputFileListPaths = (
				"${PODS_ROOT}/Target Support Files/Pods-JjapAppleStore/Pods-JjapAppleStore-frameworks-${CONFIGURATION}-output-files.xcfilelist",
			);
			runOnlyForDeploymentPostprocessing = 0;
			shellPath = /bin/sh;
			shellScript = "\"${PODS_ROOT}/Target Support Files/Pods-JjapAppleStore/Pods-JjapAppleStore-frameworks.sh\"\n";
			showEnvVarsInLog = 0;
		};
/* End PBXShellScriptBuildPhase section */

/* Begin PBXSourcesBuildPhase section */
		B8070501271B13780071289D /* Sources */ = {
			isa = PBXSourcesBuildPhase;
			buildActionMask = 2147483647;
			files = (
				B807050D271B13780071289D /* ViewController.swift in Sources */,
				B8070509271B13780071289D /* AppDelegate.swift in Sources */,
				B89B3F7A271DBF9D0087A83D /* CustomTableViewCell.swift in Sources */,
				B807050B271B13780071289D /* SceneDelegate.swift in Sources */,
			);
			runOnlyForDeploymentPostprocessing = 0;
		};
/* End PBXSourcesBuildPhase section */

/* Begin PBXVariantGroup section */
		B807050E271B13780071289D /* Main.storyboard */ = {
			isa = PBXVariantGroup;
			children = (
				B807050F271B13780071289D /* Base */,
			);
			name = Main.storyboard;
			sourceTree = "<group>";
		};
		B8070513271B13790071289D /* LaunchScreen.storyboard */ = {
			isa = PBXVariantGroup;
			children = (
				B8070514271B13790071289D /* Base */,
			);
			name = LaunchScreen.storyboard;
			sourceTree = "<group>";
		};
/* End PBXVariantGroup section */

/* Begin XCBuildConfiguration section */
		B8070517271B13790071289D /* Debug */ = {
			isa = XCBuildConfiguration;
			buildSettings = {
				ALWAYS_SEARCH_USER_PATHS = NO;
				CLANG_ANALYZER_NONNULL = YES;
				CLANG_ANALYZER_NUMBER_OBJECT_CONVERSION = YES_AGGRESSIVE;
				CLANG_CXX_LANGUAGE_STANDARD = "gnu++17";
				CLANG_CXX_LIBRARY = "libc++";
				CLANG_ENABLE_MODULES = YES;
				CLANG_ENABLE_OBJC_ARC = YES;
				CLANG_ENABLE_OBJC_WEAK = YES;
				CLANG_WARN_BLOCK_CAPTURE_AUTORELEASING = YES;
				CLANG_WARN_BOOL_CONVERSION = YES;
				CLANG_WARN_COMMA = YES;
				CLANG_WARN_CONSTANT_CONVERSION = YES;
				CLANG_WARN_DEPRECATED_OBJC_IMPLEMENTATIONS = YES;
				CLANG_WARN_DIRECT_OBJC_ISA_USAGE = YES_ERROR;
				CLANG_WARN_DOCUMENTATION_COMMENTS = YES;
				CLANG_WARN_EMPTY_BODY = YES;
				CLANG_WARN_ENUM_CONVERSION = YES;
				CLANG_WARN_INFINITE_RECURSION = YES;
				CLANG_WARN_INT_CONVERSION = YES;
				CLANG_WARN_NON_LITERAL_NULL_CONVERSION = YES;
				CLANG_WARN_OBJC_IMPLICIT_RETAIN_SELF = YES;
				CLANG_WARN_OBJC_LITERAL_CONVERSION = YES;
				CLANG_WARN_OBJC_ROOT_CLASS = YES_ERROR;
				CLANG_WARN_QUOTED_INCLUDE_IN_FRAMEWORK_HEADER = YES;
				CLANG_WARN_RANGE_LOOP_ANALYSIS = YES;
				CLANG_WARN_STRICT_PROTOTYPES = YES;
				CLANG_WARN_SUSPICIOUS_MOVE = YES;
				CLANG_WARN_UNGUARDED_AVAILABILITY = YES_AGGRESSIVE;
				CLANG_WARN_UNREACHABLE_CODE = YES;
				CLANG_WARN__DUPLICATE_METHOD_MATCH = YES;
				COPY_PHASE_STRIP = NO;
				DEBUG_INFORMATION_FORMAT = dwarf;
				ENABLE_STRICT_OBJC_MSGSEND = YES;
				ENABLE_TESTABILITY = YES;
				GCC_C_LANGUAGE_STANDARD = gnu11;
				GCC_DYNAMIC_NO_PIC = NO;
				GCC_NO_COMMON_BLOCKS = YES;
				GCC_OPTIMIZATION_LEVEL = 0;
				GCC_PREPROCESSOR_DEFINITIONS = (
					"DEBUG=1",
					"$(inherited)",
				);
				GCC_WARN_64_TO_32_BIT_CONVERSION = YES;
				GCC_WARN_ABOUT_RETURN_TYPE = YES_ERROR;
				GCC_WARN_UNDECLARED_SELECTOR = YES;
				GCC_WARN_UNINITIALIZED_AUTOS = YES_AGGRESSIVE;
				GCC_WARN_UNUSED_FUNCTION = YES;
				GCC_WARN_UNUSED_VARIABLE = YES;
				IPHONEOS_DEPLOYMENT_TARGET = 15.0;
				MTL_ENABLE_DEBUG_INFO = INCLUDE_SOURCE;
				MTL_FAST_MATH = YES;
				ONLY_ACTIVE_ARCH = YES;
				SDKROOT = iphoneos;
				SWIFT_ACTIVE_COMPILATION_CONDITIONS = DEBUG;
				SWIFT_OPTIMIZATION_LEVEL = "-Onone";
			};
			name = Debug;
		};
		B8070518271B13790071289D /* Release */ = {
			isa = XCBuildConfiguration;
			buildSettings = {
				ALWAYS_SEARCH_USER_PATHS = NO;
				CLANG_ANALYZER_NONNULL = YES;
				CLANG_ANALYZER_NUMBER_OBJECT_CONVERSION = YES_AGGRESSIVE;
				CLANG_CXX_LANGUAGE_STANDARD = "gnu++17";
				CLANG_CXX_LIBRARY = "libc++";
				CLANG_ENABLE_MODULES = YES;
				CLANG_ENABLE_OBJC_ARC = YES;
				CLANG_ENABLE_OBJC_WEAK = YES;
				CLANG_WARN_BLOCK_CAPTURE_AUTORELEASING = YES;
				CLANG_WARN_BOOL_CONVERSION = YES;
				CLANG_WARN_COMMA = YES;
				CLANG_WARN_CONSTANT_CONVERSION = YES;
				CLANG_WARN_DEPRECATED_OBJC_IMPLEMENTATIONS = YES;
				CLANG_WARN_DIRECT_OBJC_ISA_USAGE = YES_ERROR;
				CLANG_WARN_DOCUMENTATION_COMMENTS = YES;
				CLANG_WARN_EMPTY_BODY = YES;
				CLANG_WARN_ENUM_CONVERSION = YES;
				CLANG_WARN_INFINITE_RECURSION = YES;
				CLANG_WARN_INT_CONVERSION = YES;
				CLANG_WARN_NON_LITERAL_NULL_CONVERSION = YES;
				CLANG_WARN_OBJC_IMPLICIT_RETAIN_SELF = YES;
				CLANG_WARN_OBJC_LITERAL_CONVERSION = YES;
				CLANG_WARN_OBJC_ROOT_CLASS = YES_ERROR;
				CLANG_WARN_QUOTED_INCLUDE_IN_FRAMEWORK_HEADER = YES;
				CLANG_WARN_RANGE_LOOP_ANALYSIS = YES;
				CLANG_WARN_STRICT_PROTOTYPES = YES;
				CLANG_WARN_SUSPICIOUS_MOVE = YES;
				CLANG_WARN_UNGUARDED_AVAILABILITY = YES_AGGRESSIVE;
				CLANG_WARN_UNREACHABLE_CODE = YES;
				CLANG_WARN__DUPLICATE_METHOD_MATCH = YES;
				COPY_PHASE_STRIP = NO;
				DEBUG_INFORMATION_FORMAT = "dwarf-with-dsym";
				ENABLE_NS_ASSERTIONS = NO;
				ENABLE_STRICT_OBJC_MSGSEND = YES;
				GCC_C_LANGUAGE_STANDARD = gnu11;
				GCC_NO_COMMON_BLOCKS = YES;
				GCC_WARN_64_TO_32_BIT_CONVERSION = YES;
				GCC_WARN_ABOUT_RETURN_TYPE = YES_ERROR;
				GCC_WARN_UNDECLARED_SELECTOR = YES;
				GCC_WARN_UNINITIALIZED_AUTOS = YES_AGGRESSIVE;
				GCC_WARN_UNUSED_FUNCTION = YES;
				GCC_WARN_UNUSED_VARIABLE = YES;
				IPHONEOS_DEPLOYMENT_TARGET = 15.0;
				MTL_ENABLE_DEBUG_INFO = NO;
				MTL_FAST_MATH = YES;
				SDKROOT = iphoneos;
				SWIFT_COMPILATION_MODE = wholemodule;
				SWIFT_OPTIMIZATION_LEVEL = "-O";
				VALIDATE_PRODUCT = YES;
			};
			name = Release;
		};
		B807051A271B13790071289D /* Debug */ = {
			isa = XCBuildConfiguration;
			baseConfigurationReference = 0B6E9FCA82C6095E28A400FB /* Pods-JjapAppleStore.debug.xcconfig */;
			buildSettings = {
				ASSETCATALOG_COMPILER_APPICON_NAME = AppIcon;
				ASSETCATALOG_COMPILER_GLOBAL_ACCENT_COLOR_NAME = AccentColor;
				CODE_SIGN_STYLE = Automatic;
				CURRENT_PROJECT_VERSION = 1;
				DEVELOPMENT_TEAM = T7976S8FS6;
				GENERATE_INFOPLIST_FILE = YES;
				INFOPLIST_FILE = JjapAppleStore/Info.plist;
				INFOPLIST_KEY_UIApplicationSupportsIndirectInputEvents = YES;
				INFOPLIST_KEY_UILaunchStoryboardName = LaunchScreen;
				INFOPLIST_KEY_UIMainStoryboardFile = Main;
				INFOPLIST_KEY_UISupportedInterfaceOrientations_iPad = "UIInterfaceOrientationPortrait UIInterfaceOrientationPortraitUpsideDown UIInterfaceOrientationLandscapeLeft UIInterfaceOrientationLandscapeRight";
				INFOPLIST_KEY_UISupportedInterfaceOrientations_iPhone = "UIInterfaceOrientationPortrait UIInterfaceOrientationLandscapeLeft UIInterfaceOrientationLandscapeRight";
				LD_RUNPATH_SEARCH_PATHS = (
					"$(inherited)",
					"@executable_path/Frameworks",
				);
				MARKETING_VERSION = 1.0;
				PRODUCT_BUNDLE_IDENTIFIER = com.hyein.JjapAppleStore;
				PRODUCT_NAME = "$(TARGET_NAME)";
				SWIFT_EMIT_LOC_STRINGS = YES;
				SWIFT_VERSION = 5.0;
				TARGETED_DEVICE_FAMILY = "1,2";
			};
			name = Debug;
		};
		B807051B271B13790071289D /* Release */ = {
			isa = XCBuildConfiguration;
			baseConfigurationReference = F9FFFE7F06996074E961742C /* Pods-JjapAppleStore.release.xcconfig */;
			buildSettings = {
				ASSETCATALOG_COMPILER_APPICON_NAME = AppIcon;
				ASSETCATALOG_COMPILER_GLOBAL_ACCENT_COLOR_NAME = AccentColor;
				CODE_SIGN_STYLE = Automatic;
				CURRENT_PROJECT_VERSION = 1;
				DEVELOPMENT_TEAM = T7976S8FS6;
				GENERATE_INFOPLIST_FILE = YES;
				INFOPLIST_FILE = JjapAppleStore/Info.plist;
				INFOPLIST_KEY_UIApplicationSupportsIndirectInputEvents = YES;
				INFOPLIST_KEY_UILaunchStoryboardName = LaunchScreen;
				INFOPLIST_KEY_UIMainStoryboardFile = Main;
				INFOPLIST_KEY_UISupportedInterfaceOrientations_iPad = "UIInterfaceOrientationPortrait UIInterfaceOrientationPortraitUpsideDown UIInterfaceOrientationLandscapeLeft UIInterfaceOrientationLandscapeRight";
				INFOPLIST_KEY_UISupportedInterfaceOrientations_iPhone = "UIInterfaceOrientationPortrait UIInterfaceOrientationLandscapeLeft UIInterfaceOrientationLandscapeRight";
				LD_RUNPATH_SEARCH_PATHS = (
					"$(inherited)",
					"@executable_path/Frameworks",
				);
				MARKETING_VERSION = 1.0;
				PRODUCT_BUNDLE_IDENTIFIER = com.hyein.JjapAppleStore;
				PRODUCT_NAME = "$(TARGET_NAME)";
				SWIFT_EMIT_LOC_STRINGS = YES;
				SWIFT_VERSION = 5.0;
				TARGETED_DEVICE_FAMILY = "1,2";
			};
			name = Release;
		};
/* End XCBuildConfiguration section */

/* Begin XCConfigurationList section */
		B8070500271B13780071289D /* Build configuration list for PBXProject "JjapAppleStore" */ = {
			isa = XCConfigurationList;
			buildConfigurations = (
				B8070517271B13790071289D /* Debug */,
				B8070518271B13790071289D /* Release */,
			);
			defaultConfigurationIsVisible = 0;
			defaultConfigurationName = Release;
		};
		B8070519271B13790071289D /* Build configuration list for PBXNativeTarget "JjapAppleStore" */ = {
			isa = XCConfigurationList;
			buildConfigurations = (
				B807051A271B13790071289D /* Debug */,
				B807051B271B13790071289D /* Release */,
			);
			defaultConfigurationIsVisible = 0;
			defaultConfigurationName = Release;
		};
/* End XCConfigurationList section */
	};
	rootObject = B80704FD271B13780071289D /* Project object */;
}
