// !$*UTF8*$!
{
	archiveVersion = 1;
	classes = {
	};
	objectVersion = 50;
	objects = {

/* Begin PBXBuildFile section */
		41452103EA6E73C7BA640808 /* Pods_AutoLayout_Snapkit.framework in Frameworks */ = {isa = PBXBuildFile; fileRef = 319EA64086C3D94DE506314F /* Pods_AutoLayout_Snapkit.framework */; };
		B86E3D7D26DB8384008254C6 /* AppDelegate.swift in Sources */ = {isa = PBXBuildFile; fileRef = B86E3D7C26DB8384008254C6 /* AppDelegate.swift */; };
		B86E3D7F26DB8384008254C6 /* SceneDelegate.swift in Sources */ = {isa = PBXBuildFile; fileRef = B86E3D7E26DB8384008254C6 /* SceneDelegate.swift */; };
		B86E3D8126DB8384008254C6 /* ViewController.swift in Sources */ = {isa = PBXBuildFile; fileRef = B86E3D8026DB8384008254C6 /* ViewController.swift */; };
		B86E3D8426DB8384008254C6 /* Main.storyboard in Resources */ = {isa = PBXBuildFile; fileRef = B86E3D8226DB8384008254C6 /* Main.storyboard */; };
		B86E3D8626DB8385008254C6 /* Assets.xcassets in Resources */ = {isa = PBXBuildFile; fileRef = B86E3D8526DB8385008254C6 /* Assets.xcassets */; };
		B86E3D8926DB8385008254C6 /* LaunchScreen.storyboard in Resources */ = {isa = PBXBuildFile; fileRef = B86E3D8726DB8385008254C6 /* LaunchScreen.storyboard */; };
/* End PBXBuildFile section */

/* Begin PBXFileReference section */
		319EA64086C3D94DE506314F /* Pods_AutoLayout_Snapkit.framework */ = {isa = PBXFileReference; explicitFileType = wrapper.framework; includeInIndex = 0; path = Pods_AutoLayout_Snapkit.framework; sourceTree = BUILT_PRODUCTS_DIR; };
		66313A2CA175A434DBC4D51D /* Pods-AutoLayout_Snapkit.debug.xcconfig */ = {isa = PBXFileReference; includeInIndex = 1; lastKnownFileType = text.xcconfig; name = "Pods-AutoLayout_Snapkit.debug.xcconfig"; path = "Target Support Files/Pods-AutoLayout_Snapkit/Pods-AutoLayout_Snapkit.debug.xcconfig"; sourceTree = "<group>"; };
		A30D11F60B33FC1A06F7EECC /* Pods-AutoLayout_Snapkit.release.xcconfig */ = {isa = PBXFileReference; includeInIndex = 1; lastKnownFileType = text.xcconfig; name = "Pods-AutoLayout_Snapkit.release.xcconfig"; path = "Target Support Files/Pods-AutoLayout_Snapkit/Pods-AutoLayout_Snapkit.release.xcconfig"; sourceTree = "<group>"; };
		B86E3D7926DB8384008254C6 /* AutoLayout_Snapkit.app */ = {isa = PBXFileReference; explicitFileType = wrapper.application; includeInIndex = 0; path = AutoLayout_Snapkit.app; sourceTree = BUILT_PRODUCTS_DIR; };
		B86E3D7C26DB8384008254C6 /* AppDelegate.swift */ = {isa = PBXFileReference; lastKnownFileType = sourcecode.swift; path = AppDelegate.swift; sourceTree = "<group>"; };
		B86E3D7E26DB8384008254C6 /* SceneDelegate.swift */ = {isa = PBXFileReference; lastKnownFileType = sourcecode.swift; path = SceneDelegate.swift; sourceTree = "<group>"; };
		B86E3D8026DB8384008254C6 /* ViewController.swift */ = {isa = PBXFileReference; lastKnownFileType = sourcecode.swift; path = ViewController.swift; sourceTree = "<group>"; };
		B86E3D8326DB8384008254C6 /* Base */ = {isa = PBXFileReference; lastKnownFileType = file.storyboard; name = Base; path = Base.lproj/Main.storyboard; sourceTree = "<group>"; };
		B86E3D8526DB8385008254C6 /* Assets.xcassets */ = {isa = PBXFileReference; lastKnownFileType = folder.assetcatalog; path = Assets.xcassets; sourceTree = "<group>"; };
		B86E3D8826DB8385008254C6 /* Base */ = {isa = PBXFileReference; lastKnownFileType = file.storyboard; name = Base; path = Base.lproj/LaunchScreen.storyboard; sourceTree = "<group>"; };
		B86E3D8A26DB8385008254C6 /* Info.plist */ = {isa = PBXFileReference; lastKnownFileType = text.plist.xml; path = Info.plist; sourceTree = "<group>"; };
/* End PBXFileReference section */

/* Begin PBXFrameworksBuildPhase section */
		B86E3D7626DB8384008254C6 /* Frameworks */ = {
			isa = PBXFrameworksBuildPhase;
			buildActionMask = 2147483647;
			files = (
				41452103EA6E73C7BA640808 /* Pods_AutoLayout_Snapkit.framework in Frameworks */,
			);
			runOnlyForDeploymentPostprocessing = 0;
		};
/* End PBXFrameworksBuildPhase section */

/* Begin PBXGroup section */
		61C55EBC1F642218EF3FC564 /* Pods */ = {
			isa = PBXGroup;
			children = (
				66313A2CA175A434DBC4D51D /* Pods-AutoLayout_Snapkit.debug.xcconfig */,
				A30D11F60B33FC1A06F7EECC /* Pods-AutoLayout_Snapkit.release.xcconfig */,
			);
			name = Pods;
			path = Pods;
			sourceTree = "<group>";
		};
		7A4B4472E517699984A0A7B8 /* Frameworks */ = {
			isa = PBXGroup;
			children = (
				319EA64086C3D94DE506314F /* Pods_AutoLayout_Snapkit.framework */,
			);
			name = Frameworks;
			sourceTree = "<group>";
		};
		B86E3D7026DB8384008254C6 = {
			isa = PBXGroup;
			children = (
				B86E3D7B26DB8384008254C6 /* AutoLayout_Snapkit */,
				B86E3D7A26DB8384008254C6 /* Products */,
				61C55EBC1F642218EF3FC564 /* Pods */,
				7A4B4472E517699984A0A7B8 /* Frameworks */,
			);
			sourceTree = "<group>";
		};
		B86E3D7A26DB8384008254C6 /* Products */ = {
			isa = PBXGroup;
			children = (
				B86E3D7926DB8384008254C6 /* AutoLayout_Snapkit.app */,
			);
			name = Products;
			sourceTree = "<group>";
		};
		B86E3D7B26DB8384008254C6 /* AutoLayout_Snapkit */ = {
			isa = PBXGroup;
			children = (
				B86E3D7C26DB8384008254C6 /* AppDelegate.swift */,
				B86E3D7E26DB8384008254C6 /* SceneDelegate.swift */,
				B86E3D8026DB8384008254C6 /* ViewController.swift */,
				B86E3D8226DB8384008254C6 /* Main.storyboard */,
				B86E3D8526DB8385008254C6 /* Assets.xcassets */,
				B86E3D8726DB8385008254C6 /* LaunchScreen.storyboard */,
				B86E3D8A26DB8385008254C6 /* Info.plist */,
			);
			path = AutoLayout_Snapkit;
			sourceTree = "<group>";
		};
/* End PBXGroup section */

/* Begin PBXNativeTarget section */
		B86E3D7826DB8384008254C6 /* AutoLayout_Snapkit */ = {
			isa = PBXNativeTarget;
			buildConfigurationList = B86E3D8D26DB8385008254C6 /* Build configuration list for PBXNativeTarget "AutoLayout_Snapkit" */;
			buildPhases = (
				F78D986BF61E9522D8D6ED5B /* [CP] Check Pods Manifest.lock */,
				B86E3D7526DB8384008254C6 /* Sources */,
				B86E3D7626DB8384008254C6 /* Frameworks */,
				B86E3D7726DB8384008254C6 /* Resources */,
				33B02055DB8E07DE80C15D0F /* [CP] Embed Pods Frameworks */,
			);
			buildRules = (
			);
			dependencies = (
			);
			name = AutoLayout_Snapkit;
			productName = AutoLayout_Snapkit;
			productReference = B86E3D7926DB8384008254C6 /* AutoLayout_Snapkit.app */;
			productType = "com.apple.product-type.application";
		};
/* End PBXNativeTarget section */

/* Begin PBXProject section */
		B86E3D7126DB8384008254C6 /* Project object */ = {
			isa = PBXProject;
			attributes = {
				LastSwiftUpdateCheck = 1250;
				LastUpgradeCheck = 1250;
				TargetAttributes = {
					B86E3D7826DB8384008254C6 = {
						CreatedOnToolsVersion = 12.5.1;
					};
				};
			};
			buildConfigurationList = B86E3D7426DB8384008254C6 /* Build configuration list for PBXProject "AutoLayout_Snapkit" */;
			compatibilityVersion = "Xcode 9.3";
			developmentRegion = en;
			hasScannedForEncodings = 0;
			knownRegions = (
				en,
				Base,
			);
			mainGroup = B86E3D7026DB8384008254C6;
			productRefGroup = B86E3D7A26DB8384008254C6 /* Products */;
			projectDirPath = "";
			projectRoot = "";
			targets = (
				B86E3D7826DB8384008254C6 /* AutoLayout_Snapkit */,
			);
		};
/* End PBXProject section */

/* Begin PBXResourcesBuildPhase section */
		B86E3D7726DB8384008254C6 /* Resources */ = {
			isa = PBXResourcesBuildPhase;
			buildActionMask = 2147483647;
			files = (
				B86E3D8926DB8385008254C6 /* LaunchScreen.storyboard in Resources */,
				B86E3D8626DB8385008254C6 /* Assets.xcassets in Resources */,
				B86E3D8426DB8384008254C6 /* Main.storyboard in Resources */,
			);
			runOnlyForDeploymentPostprocessing = 0;
		};
/* End PBXResourcesBuildPhase section */

/* Begin PBXShellScriptBuildPhase section */
		33B02055DB8E07DE80C15D0F /* [CP] Embed Pods Frameworks */ = {
			isa = PBXShellScriptBuildPhase;
			buildActionMask = 2147483647;
			files = (
			);
			inputFileListPaths = (
				"${PODS_ROOT}/Target Support Files/Pods-AutoLayout_Snapkit/Pods-AutoLayout_Snapkit-frameworks-${CONFIGURATION}-input-files.xcfilelist",
			);
			name = "[CP] Embed Pods Frameworks";
			outputFileListPaths = (
				"${PODS_ROOT}/Target Support Files/Pods-AutoLayout_Snapkit/Pods-AutoLayout_Snapkit-frameworks-${CONFIGURATION}-output-files.xcfilelist",
			);
			runOnlyForDeploymentPostprocessing = 0;
			shellPath = /bin/sh;
			shellScript = "\"${PODS_ROOT}/Target Support Files/Pods-AutoLayout_Snapkit/Pods-AutoLayout_Snapkit-frameworks.sh\"\n";
			showEnvVarsInLog = 0;
		};
		F78D986BF61E9522D8D6ED5B /* [CP] Check Pods Manifest.lock */ = {
			isa = PBXShellScriptBuildPhase;
			buildActionMask = 2147483647;
			files = (
			);
			inputFileListPaths = (
			);
			inputPaths = (
				"${PODS_PODFILE_DIR_PATH}/Podfile.lock",
				"${PODS_ROOT}/Manifest.lock",
			);
			name = "[CP] Check Pods Manifest.lock";
			outputFileListPaths = (
			);
			outputPaths = (
				"$(DERIVED_FILE_DIR)/Pods-AutoLayout_Snapkit-checkManifestLockResult.txt",
			);
			runOnlyForDeploymentPostprocessing = 0;
			shellPath = /bin/sh;
			shellScript = "diff \"${PODS_PODFILE_DIR_PATH}/Podfile.lock\" \"${PODS_ROOT}/Manifest.lock\" > /dev/null\nif [ $? != 0 ] ; then\n    # print error to STDERR\n    echo \"error: The sandbox is not in sync with the Podfile.lock. Run 'pod install' or update your CocoaPods installation.\" >&2\n    exit 1\nfi\n# This output is used by Xcode 'outputs' to avoid re-running this script phase.\necho \"SUCCESS\" > \"${SCRIPT_OUTPUT_FILE_0}\"\n";
			showEnvVarsInLog = 0;
		};
/* End PBXShellScriptBuildPhase section */

/* Begin PBXSourcesBuildPhase section */
		B86E3D7526DB8384008254C6 /* Sources */ = {
			isa = PBXSourcesBuildPhase;
			buildActionMask = 2147483647;
			files = (
				B86E3D8126DB8384008254C6 /* ViewController.swift in Sources */,
				B86E3D7D26DB8384008254C6 /* AppDelegate.swift in Sources */,
				B86E3D7F26DB8384008254C6 /* SceneDelegate.swift in Sources */,
			);
			runOnlyForDeploymentPostprocessing = 0;
		};
/* End PBXSourcesBuildPhase section */

/* Begin PBXVariantGroup section */
		B86E3D8226DB8384008254C6 /* Main.storyboard */ = {
			isa = PBXVariantGroup;
			children = (
				B86E3D8326DB8384008254C6 /* Base */,
			);
			name = Main.storyboard;
			sourceTree = "<group>";
		};
		B86E3D8726DB8385008254C6 /* LaunchScreen.storyboard */ = {
			isa = PBXVariantGroup;
			children = (
				B86E3D8826DB8385008254C6 /* Base */,
			);
			name = LaunchScreen.storyboard;
			sourceTree = "<group>";
		};
/* End PBXVariantGroup section */

/* Begin XCBuildConfiguration section */
		B86E3D8B26DB8385008254C6 /* Debug */ = {
			isa = XCBuildConfiguration;
			buildSettings = {
				ALWAYS_SEARCH_USER_PATHS = NO;
				CLANG_ANALYZER_NONNULL = YES;
				CLANG_ANALYZER_NUMBER_OBJECT_CONVERSION = YES_AGGRESSIVE;
				CLANG_CXX_LANGUAGE_STANDARD = "gnu++14";
				CLANG_CXX_LIBRARY = "libc++";
				CLANG_ENABLE_MODULES = YES;
				CLANG_ENABLE_OBJC_ARC = YES;
				CLANG_ENABLE_OBJC_WEAK = YES;
				CLANG_WARN_BLOCK_CAPTURE_AUTORELEASING = YES;
				CLANG_WARN_BOOL_CONVERSION = YES;
				CLANG_WARN_COMMA = YES;
				CLANG_WARN_CONSTANT_CONVERSION = YES;
				CLANG_WARN_DEPRECATED_OBJC_IMPLEMENTATIONS = YES;
				CLANG_WARN_DIRECT_OBJC_ISA_USAGE = YES_ERROR;
				CLANG_WARN_DOCUMENTATION_COMMENTS = YES;
				CLANG_WARN_EMPTY_BODY = YES;
				CLANG_WARN_ENUM_CONVERSION = YES;
				CLANG_WARN_INFINITE_RECURSION = YES;
				CLANG_WARN_INT_CONVERSION = YES;
				CLANG_WARN_NON_LITERAL_NULL_CONVERSION = YES;
				CLANG_WARN_OBJC_IMPLICIT_RETAIN_SELF = YES;
				CLANG_WARN_OBJC_LITERAL_CONVERSION = YES;
				CLANG_WARN_OBJC_ROOT_CLASS = YES_ERROR;
				CLANG_WARN_QUOTED_INCLUDE_IN_FRAMEWORK_HEADER = YES;
				CLANG_WARN_RANGE_LOOP_ANALYSIS = YES;
				CLANG_WARN_STRICT_PROTOTYPES = YES;
				CLANG_WARN_SUSPICIOUS_MOVE = YES;
				CLANG_WARN_UNGUARDED_AVAILABILITY = YES_AGGRESSIVE;
				CLANG_WARN_UNREACHABLE_CODE = YES;
				CLANG_WARN__DUPLICATE_METHOD_MATCH = YES;
				COPY_PHASE_STRIP = NO;
				DEBUG_INFORMATION_FORMAT = dwarf;
				ENABLE_STRICT_OBJC_MSGSEND = YES;
				ENABLE_TESTABILITY = YES;
				GCC_C_LANGUAGE_STANDARD = gnu11;
				GCC_DYNAMIC_NO_PIC = NO;
				GCC_NO_COMMON_BLOCKS = YES;
				GCC_OPTIMIZATION_LEVEL = 0;
				GCC_PREPROCESSOR_DEFINITIONS = (
					"DEBUG=1",
					"$(inherited)",
				);
				GCC_WARN_64_TO_32_BIT_CONVERSION = YES;
				GCC_WARN_ABOUT_RETURN_TYPE = YES_ERROR;
				GCC_WARN_UNDECLARED_SELECTOR = YES;
				GCC_WARN_UNINITIALIZED_AUTOS = YES_AGGRESSIVE;
				GCC_WARN_UNUSED_FUNCTION = YES;
				GCC_WARN_UNUSED_VARIABLE = YES;
				IPHONEOS_DEPLOYMENT_TARGET = 14.5;
				MTL_ENABLE_DEBUG_INFO = INCLUDE_SOURCE;
				MTL_FAST_MATH = YES;
				ONLY_ACTIVE_ARCH = YES;
				SDKROOT = iphoneos;
				SWIFT_ACTIVE_COMPILATION_CONDITIONS = DEBUG;
				SWIFT_OPTIMIZATION_LEVEL = "-Onone";
			};
			name = Debug;
		};
		B86E3D8C26DB8385008254C6 /* Release */ = {
			isa = XCBuildConfiguration;
			buildSettings = {
				ALWAYS_SEARCH_USER_PATHS = NO;
				CLANG_ANALYZER_NONNULL = YES;
				CLANG_ANALYZER_NUMBER_OBJECT_CONVERSION = YES_AGGRESSIVE;
				CLANG_CXX_LANGUAGE_STANDARD = "gnu++14";
				CLANG_CXX_LIBRARY = "libc++";
				CLANG_ENABLE_MODULES = YES;
				CLANG_ENABLE_OBJC_ARC = YES;
				CLANG_ENABLE_OBJC_WEAK = YES;
				CLANG_WARN_BLOCK_CAPTURE_AUTORELEASING = YES;
				CLANG_WARN_BOOL_CONVERSION = YES;
				CLANG_WARN_COMMA = YES;
				CLANG_WARN_CONSTANT_CONVERSION = YES;
				CLANG_WARN_DEPRECATED_OBJC_IMPLEMENTATIONS = YES;
				CLANG_WARN_DIRECT_OBJC_ISA_USAGE = YES_ERROR;
				CLANG_WARN_DOCUMENTATION_COMMENTS = YES;
				CLANG_WARN_EMPTY_BODY = YES;
				CLANG_WARN_ENUM_CONVERSION = YES;
				CLANG_WARN_INFINITE_RECURSION = YES;
				CLANG_WARN_INT_CONVERSION = YES;
				CLANG_WARN_NON_LITERAL_NULL_CONVERSION = YES;
				CLANG_WARN_OBJC_IMPLICIT_RETAIN_SELF = YES;
				CLANG_WARN_OBJC_LITERAL_CONVERSION = YES;
				CLANG_WARN_OBJC_ROOT_CLASS = YES_ERROR;
				CLANG_WARN_QUOTED_INCLUDE_IN_FRAMEWORK_HEADER = YES;
				CLANG_WARN_RANGE_LOOP_ANALYSIS = YES;
				CLANG_WARN_STRICT_PROTOTYPES = YES;
				CLANG_WARN_SUSPICIOUS_MOVE = YES;
				CLANG_WARN_UNGUARDED_AVAILABILITY = YES_AGGRESSIVE;
				CLANG_WARN_UNREACHABLE_CODE = YES;
				CLANG_WARN__DUPLICATE_METHOD_MATCH = YES;
				COPY_PHASE_STRIP = NO;
				DEBUG_INFORMATION_FORMAT = "dwarf-with-dsym";
				ENABLE_NS_ASSERTIONS = NO;
				ENABLE_STRICT_OBJC_MSGSEND = YES;
				GCC_C_LANGUAGE_STANDARD = gnu11;
				GCC_NO_COMMON_BLOCKS = YES;
				GCC_WARN_64_TO_32_BIT_CONVERSION = YES;
				GCC_WARN_ABOUT_RETURN_TYPE = YES_ERROR;
				GCC_WARN_UNDECLARED_SELECTOR = YES;
				GCC_WARN_UNINITIALIZED_AUTOS = YES_AGGRESSIVE;
				GCC_WARN_UNUSED_FUNCTION = YES;
				GCC_WARN_UNUSED_VARIABLE = YES;
				IPHONEOS_DEPLOYMENT_TARGET = 14.5;
				MTL_ENABLE_DEBUG_INFO = NO;
				MTL_FAST_MATH = YES;
				SDKROOT = iphoneos;
				SWIFT_COMPILATION_MODE = wholemodule;
				SWIFT_OPTIMIZATION_LEVEL = "-O";
				VALIDATE_PRODUCT = YES;
			};
			name = Release;
		};
		B86E3D8E26DB8385008254C6 /* Debug */ = {
			isa = XCBuildConfiguration;
			baseConfigurationReference = 66313A2CA175A434DBC4D51D /* Pods-AutoLayout_Snapkit.debug.xcconfig */;
			buildSettings = {
				ASSETCATALOG_COMPILER_APPICON_NAME = AppIcon;
				ASSETCATALOG_COMPILER_GLOBAL_ACCENT_COLOR_NAME = AccentColor;
				CODE_SIGN_STYLE = Automatic;
				DEVELOPMENT_TEAM = T7976S8FS6;
				INFOPLIST_FILE = AutoLayout_Snapkit/Info.plist;
				LD_RUNPATH_SEARCH_PATHS = (
					"$(inherited)",
					"@executable_path/Frameworks",
				);
				PRODUCT_BUNDLE_IDENTIFIER = "com.hyein.AutoLayout-Snapkit";
				PRODUCT_NAME = "$(TARGET_NAME)";
				SWIFT_VERSION = 5.0;
				TARGETED_DEVICE_FAMILY = "1,2";
			};
			name = Debug;
		};
		B86E3D8F26DB8385008254C6 /* Release */ = {
			isa = XCBuildConfiguration;
			baseConfigurationReference = A30D11F60B33FC1A06F7EECC /* Pods-AutoLayout_Snapkit.release.xcconfig */;
			buildSettings = {
				ASSETCATALOG_COMPILER_APPICON_NAME = AppIcon;
				ASSETCATALOG_COMPILER_GLOBAL_ACCENT_COLOR_NAME = AccentColor;
				CODE_SIGN_STYLE = Automatic;
				DEVELOPMENT_TEAM = T7976S8FS6;
				INFOPLIST_FILE = AutoLayout_Snapkit/Info.plist;
				LD_RUNPATH_SEARCH_PATHS = (
					"$(inherited)",
					"@executable_path/Frameworks",
				);
				PRODUCT_BUNDLE_IDENTIFIER = "com.hyein.AutoLayout-Snapkit";
				PRODUCT_NAME = "$(TARGET_NAME)";
				SWIFT_VERSION = 5.0;
				TARGETED_DEVICE_FAMILY = "1,2";
			};
			name = Release;
		};
/* End XCBuildConfiguration section */

/* Begin XCConfigurationList section */
		B86E3D7426DB8384008254C6 /* Build configuration list for PBXProject "AutoLayout_Snapkit" */ = {
			isa = XCConfigurationList;
			buildConfigurations = (
				B86E3D8B26DB8385008254C6 /* Debug */,
				B86E3D8C26DB8385008254C6 /* Release */,
			);
			defaultConfigurationIsVisible = 0;
			defaultConfigurationName = Release;
		};
		B86E3D8D26DB8385008254C6 /* Build configuration list for PBXNativeTarget "AutoLayout_Snapkit" */ = {
			isa = XCConfigurationList;
			buildConfigurations = (
				B86E3D8E26DB8385008254C6 /* Debug */,
				B86E3D8F26DB8385008254C6 /* Release */,
			);
			defaultConfigurationIsVisible = 0;
			defaultConfigurationName = Release;
		};
/* End XCConfigurationList section */
	};
	rootObject = B86E3D7126DB8384008254C6 /* Project object */;
}
